Microsoft Visual Studio Solution File, Format Version 12.00
# Visual Studio Version 17
VisualStudioVersion = 17.5.2.0
MinimumVisualStudioVersion = 10.0.40219.1
Project("{FAE04EC0-301F-11D3-BF4B-00C04F79EFBC}") = "Ex51", "Ex51.csproj", "{5FEDE2B3-7E6E-B8C8-A060-E83D3A7994C3}"
EndProject
Global
	GlobalSection(SolutionConfigurationPlatforms) = preSolution
		Debug|Any CPU = Debug|Any CPU
		Release|Any CPU = Release|Any CPU
	EndGlobalSection
	GlobalSection(ProjectConfigurationPlatforms) = postSolution
		{5FEDE2B3-7E6E-B8C8-A060-E83D3A7994C3}.Debug|Any CPU.ActiveCfg = Debug|Any CPU
		{5FEDE2B3-7E6E-B8C8-A060-E83D3A7994C3}.Debug|Any CPU.Build.0 = Debug|Any CPU
		{5FEDE2B3-7E6E-B8C8-A060-E83D3A7994C3}.Release|Any CPU.ActiveCfg = Release|Any CPU
		{5FEDE2B3-7E6E-B8C8-A060-E83D3A7994C3}.Release|Any CPU.Build.0 = Release|Any CPU
	EndGlobalSection
	GlobalSection(SolutionProperties) = preSolution
		HideSolutionNode = FALSE
	EndGlobalSection
	GlobalSection(ExtensibilityGlobals) = postSolution
		SolutionGuid = {2F8D021E-C380-4DCC-91B8-97AC7614BB73}
	EndGlobalSection
EndGlobal
