Microsoft Visual Studio Solution File, Format Version 12.00
# Visual Studio Version 17
VisualStudioVersion = 17.5.2.0
MinimumVisualStudioVersion = 10.0.40219.1
Project("{FAE04EC0-301F-11D3-BF4B-00C04F79EFBC}") = "Ex59", "Ex59.csproj", "{AE22A231-4444-1591-3DAF-BEA5A08BF542}"
EndProject
Global
	GlobalSection(SolutionConfigurationPlatforms) = preSolution
		Debug|Any CPU = Debug|Any CPU
		Release|Any CPU = Release|Any CPU
	EndGlobalSection
	GlobalSection(ProjectConfigurationPlatforms) = postSolution
		{AE22A231-4444-1591-3DAF-BEA5A08BF542}.Debug|Any CPU.ActiveCfg = Debug|Any CPU
		{AE22A231-4444-1591-3DAF-BEA5A08BF542}.Debug|Any CPU.Build.0 = Debug|Any CPU
		{AE22A231-4444-1591-3DAF-BEA5A08BF542}.Release|Any CPU.ActiveCfg = Release|Any CPU
		{AE22A231-4444-1591-3DAF-BEA5A08BF542}.Release|Any CPU.Build.0 = Release|Any CPU
	EndGlobalSection
	GlobalSection(SolutionProperties) = preSolution
		HideSolutionNode = FALSE
	EndGlobalSection
	GlobalSection(ExtensibilityGlobals) = postSolution
		SolutionGuid = {2E97BB8F-645F-49C3-ABC2-55057CFEE3C8}
	EndGlobalSection
EndGlobal
