Microsoft Visual Studio Solution File, Format Version 12.00
# Visual Studio Version 17
VisualStudioVersion = 17.5.2.0
MinimumVisualStudioVersion = 10.0.40219.1
Project("{FAE04EC0-301F-11D3-BF4B-00C04F79EFBC}") = "Ex84", "Ex84.csproj", "{CE5EE3B8-C8D6-021E-0FF7-49EA30CE5471}"
EndProject
Global
	GlobalSection(SolutionConfigurationPlatforms) = preSolution
		Debug|Any CPU = Debug|Any CPU
		Release|Any CPU = Release|Any CPU
	EndGlobalSection
	GlobalSection(ProjectConfigurationPlatforms) = postSolution
		{CE5EE3B8-C8D6-021E-0FF7-49EA30CE5471}.Debug|Any CPU.ActiveCfg = Debug|Any CPU
		{CE5EE3B8-C8D6-021E-0FF7-49EA30CE5471}.Debug|Any CPU.Build.0 = Debug|Any CPU
		{CE5EE3B8-C8D6-021E-0FF7-49EA30CE5471}.Release|Any CPU.ActiveCfg = Release|Any CPU
		{CE5EE3B8-C8D6-021E-0FF7-49EA30CE5471}.Release|Any CPU.Build.0 = Release|Any CPU
	EndGlobalSection
	GlobalSection(SolutionProperties) = preSolution
		HideSolutionNode = FALSE
	EndGlobalSection
	GlobalSection(ExtensibilityGlobals) = postSolution
		SolutionGuid = {2D0FF8E1-0BC3-4F5E-93F6-9219E60482C4}
	EndGlobalSection
EndGlobal
