Microsoft Visual Studio Solution File, Format Version 12.00
# Visual Studio Version 17
VisualStudioVersion = 17.5.2.0
MinimumVisualStudioVersion = 10.0.40219.1
Project("{FAE04EC0-301F-11D3-BF4B-00C04F79EFBC}") = "Ex64", "Ex64.csproj", "{8C07CD08-E58B-C88B-B88A-6F6004C44CB7}"
EndProject
Global
	GlobalSection(SolutionConfigurationPlatforms) = preSolution
		Debug|Any CPU = Debug|Any CPU
		Release|Any CPU = Release|Any CPU
	EndGlobalSection
	GlobalSection(ProjectConfigurationPlatforms) = postSolution
		{8C07CD08-E58B-C88B-B88A-6F6004C44CB7}.Debug|Any CPU.ActiveCfg = Debug|Any CPU
		{8C07CD08-E58B-C88B-B88A-6F6004C44CB7}.Debug|Any CPU.Build.0 = Debug|Any CPU
		{8C07CD08-E58B-C88B-B88A-6F6004C44CB7}.Release|Any CPU.ActiveCfg = Release|Any CPU
		{8C07CD08-E58B-C88B-B88A-6F6004C44CB7}.Release|Any CPU.Build.0 = Release|Any CPU
	EndGlobalSection
	GlobalSection(SolutionProperties) = preSolution
		HideSolutionNode = FALSE
	EndGlobalSection
	GlobalSection(ExtensibilityGlobals) = postSolution
		SolutionGuid = {D6C28316-E9B5-4674-86A3-D2AB9DF9BE9F}
	EndGlobalSection
EndGlobal
