Microsoft Visual Studio Solution File, Format Version 12.00
# Visual Studio Version 17
VisualStudioVersion = 17.5.2.0
MinimumVisualStudioVersion = 10.0.40219.1
Project("{FAE04EC0-301F-11D3-BF4B-00C04F79EFBC}") = "Ex18", "Ex18.csproj", "{403836A6-B788-D92B-7F15-6B25901CA712}"
EndProject
Global
	GlobalSection(SolutionConfigurationPlatforms) = preSolution
		Debug|Any CPU = Debug|Any CPU
		Release|Any CPU = Release|Any CPU
	EndGlobalSection
	GlobalSection(ProjectConfigurationPlatforms) = postSolution
		{403836A6-B788-D92B-7F15-6B25901CA712}.Debug|Any CPU.ActiveCfg = Debug|Any CPU
		{403836A6-B788-D92B-7F15-6B25901CA712}.Debug|Any CPU.Build.0 = Debug|Any CPU
		{403836A6-B788-D92B-7F15-6B25901CA712}.Release|Any CPU.ActiveCfg = Release|Any CPU
		{403836A6-B788-D92B-7F15-6B25901CA712}.Release|Any CPU.Build.0 = Release|Any CPU
	EndGlobalSection
	GlobalSection(SolutionProperties) = preSolution
		HideSolutionNode = FALSE
	EndGlobalSection
	GlobalSection(ExtensibilityGlobals) = postSolution
		SolutionGuid = {20DEE4F0-C8E3-43A9-B954-4EBEF223CC40}
	EndGlobalSection
EndGlobal
