Microsoft Visual Studio Solution File, Format Version 12.00
# Visual Studio Version 17
VisualStudioVersion = 17.5.2.0
MinimumVisualStudioVersion = 10.0.40219.1
Project("{FAE04EC0-301F-11D3-BF4B-00C04F79EFBC}") = "Ex19ToUpload", "Ex19ToUpload.csproj", "{D05B6CBF-E628-7996-F56D-20FB5BC8CCCA}"
EndProject
Global
	GlobalSection(SolutionConfigurationPlatforms) = preSolution
		Debug|Any CPU = Debug|Any CPU
		Release|Any CPU = Release|Any CPU
	EndGlobalSection
	GlobalSection(ProjectConfigurationPlatforms) = postSolution
		{D05B6CBF-E628-7996-F56D-20FB5BC8CCCA}.Debug|Any CPU.ActiveCfg = Debug|Any CPU
		{D05B6CBF-E628-7996-F56D-20FB5BC8CCCA}.Debug|Any CPU.Build.0 = Debug|Any CPU
		{D05B6CBF-E628-7996-F56D-20FB5BC8CCCA}.Release|Any CPU.ActiveCfg = Release|Any CPU
		{D05B6CBF-E628-7996-F56D-20FB5BC8CCCA}.Release|Any CPU.Build.0 = Release|Any CPU
	EndGlobalSection
	GlobalSection(SolutionProperties) = preSolution
		HideSolutionNode = FALSE
	EndGlobalSection
	GlobalSection(ExtensibilityGlobals) = postSolution
		SolutionGuid = {8F916E6E-B44F-4A37-8BD2-1FC6DBB64416}
	EndGlobalSection
EndGlobal
