Microsoft Visual Studio Solution File, Format Version 12.00
# Visual Studio Version 17
VisualStudioVersion = 17.5.2.0
MinimumVisualStudioVersion = 10.0.40219.1
Project("{FAE04EC0-301F-11D3-BF4B-00C04F79EFBC}") = "Ex69", "Ex69.csproj", "{C8864DCF-678A-6C68-6AA6-EEAF72C666A9}"
EndProject
Global
	GlobalSection(SolutionConfigurationPlatforms) = preSolution
		Debug|Any CPU = Debug|Any CPU
		Release|Any CPU = Release|Any CPU
	EndGlobalSection
	GlobalSection(ProjectConfigurationPlatforms) = postSolution
		{C8864DCF-678A-6C68-6AA6-EEAF72C666A9}.Debug|Any CPU.ActiveCfg = Debug|Any CPU
		{C8864DCF-678A-6C68-6AA6-EEAF72C666A9}.Debug|Any CPU.Build.0 = Debug|Any CPU
		{C8864DCF-678A-6C68-6AA6-EEAF72C666A9}.Release|Any CPU.ActiveCfg = Release|Any CPU
		{C8864DCF-678A-6C68-6AA6-EEAF72C666A9}.Release|Any CPU.Build.0 = Release|Any CPU
	EndGlobalSection
	GlobalSection(SolutionProperties) = preSolution
		HideSolutionNode = FALSE
	EndGlobalSection
	GlobalSection(ExtensibilityGlobals) = postSolution
		SolutionGuid = {2895819C-5AEA-423E-8D65-07C5C810A89F}
	EndGlobalSection
EndGlobal
