Microsoft Visual Studio Solution File, Format Version 12.00
# Visual Studio Version 17
VisualStudioVersion = 17.5.2.0
MinimumVisualStudioVersion = 10.0.40219.1
Project("{FAE04EC0-301F-11D3-BF4B-00C04F79EFBC}") = "Ex62", "Ex62.csproj", "{31E0FE5D-C62A-6250-5E77-664E04DE79F8}"
EndProject
Global
	GlobalSection(SolutionConfigurationPlatforms) = preSolution
		Debug|Any CPU = Debug|Any CPU
		Release|Any CPU = Release|Any CPU
	EndGlobalSection
	GlobalSection(ProjectConfigurationPlatforms) = postSolution
		{31E0FE5D-C62A-6250-5E77-664E04DE79F8}.Debug|Any CPU.ActiveCfg = Debug|Any CPU
		{31E0FE5D-C62A-6250-5E77-664E04DE79F8}.Debug|Any CPU.Build.0 = Debug|Any CPU
		{31E0FE5D-C62A-6250-5E77-664E04DE79F8}.Release|Any CPU.ActiveCfg = Release|Any CPU
		{31E0FE5D-C62A-6250-5E77-664E04DE79F8}.Release|Any CPU.Build.0 = Release|Any CPU
	EndGlobalSection
	GlobalSection(SolutionProperties) = preSolution
		HideSolutionNode = FALSE
	EndGlobalSection
	GlobalSection(ExtensibilityGlobals) = postSolution
		SolutionGuid = {638C062F-201C-494A-AC79-E227A7AE7B7F}
	EndGlobalSection
EndGlobal
