Microsoft Visual Studio Solution File, Format Version 12.00
# Visual Studio Version 17
VisualStudioVersion = 17.5.2.0
MinimumVisualStudioVersion = 10.0.40219.1
Project("{FAE04EC0-301F-11D3-BF4B-00C04F79EFBC}") = "Ex71", "Ex71.csproj", "{5ACE01CE-6743-CB13-CD1A-24D10B92EC8A}"
EndProject
Global
	GlobalSection(SolutionConfigurationPlatforms) = preSolution
		Debug|Any CPU = Debug|Any CPU
		Release|Any CPU = Release|Any CPU
	EndGlobalSection
	GlobalSection(ProjectConfigurationPlatforms) = postSolution
		{5ACE01CE-6743-CB13-CD1A-24D10B92EC8A}.Debug|Any CPU.ActiveCfg = Debug|Any CPU
		{5ACE01CE-6743-CB13-CD1A-24D10B92EC8A}.Debug|Any CPU.Build.0 = Debug|Any CPU
		{5ACE01CE-6743-CB13-CD1A-24D10B92EC8A}.Release|Any CPU.ActiveCfg = Release|Any CPU
		{5ACE01CE-6743-CB13-CD1A-24D10B92EC8A}.Release|Any CPU.Build.0 = Release|Any CPU
	EndGlobalSection
	GlobalSection(SolutionProperties) = preSolution
		HideSolutionNode = FALSE
	EndGlobalSection
	GlobalSection(ExtensibilityGlobals) = postSolution
		SolutionGuid = {4907F790-3FE1-474C-A0AE-5BF678D692CB}
	EndGlobalSection
EndGlobal
